{
  "version": "5",
  "specifiers": {
    "jsr:@std/dotenv@0.224": "0.224.2"
  },
  "jsr": {
    "@std/dotenv@0.224.2": {
      "integrity": "29081695357e4534696c9e986b2560be29c141ccf52daa32b6c20ff5b5c64ab9"
    }
  },
  "workspace": {
    "dependencies": [
      "jsr:@std/dotenv@0.224"
    ]
  }
}
